<?xml version="1.0" encoding="utf-8"?>
<Project ToolsVersion="16.0" xmlns="http://schemas.microsoft.com/developer/msbuild/2003">
  <ItemGroup>
    <ClCompile Include="C:\Users\ym2552\Desktop\high-level-knitting\ext\libigl\external\glad\src\glad.c">
      <Filter>Source Files</Filter>
    </ClCompile>
  </ItemGroup>
  <ItemGroup>
    <CustomBuild Include="C:\Users\ym2552\Desktop\high-level-knitting\ext\libigl\external\glad\CMakeLists.txt" />
  </ItemGroup>
  <ItemGroup>
    <Filter Include="Source Files">
      <UniqueIdentifier>{D05B1D73-C920-31F9-A822-2E78B11D36F2}</UniqueIdentifier>
    </Filter>
  </ItemGroup>
</Project>
