Microsoft Visual Studio Solution File, Format Version 12.00
# Visual Studio 16
Project("{2150E333-8FDC-42A3-9474-1A3956D46DE8}") = "CMakePredefinedTargets", "CMakePredefinedTargets", "{4E54D0D5-FC10-374F-B8E9-5FCA56F63A9C}"
EndProject
Project("{8BC9CEB8-8B4A-11D0-8D11-00A0C91BC942}") = "ALL_BUILD", "ALL_BUILD.vcxproj", "{57FEF245-9B39-3D8D-AC0E-0545F39255EB}"
	ProjectSection(ProjectDependencies) = postProject
		{34AEB84B-7D45-3AEC-AEA0-68D7B9401357} = {34AEB84B-7D45-3AEC-AEA0-68D7B9401357}
		{4C851A91-A23C-3826-AC3E-526C7F26B5AC} = {4C851A91-A23C-3826-AC3E-526C7F26B5AC}
	EndProjectSection
EndProject
Project("{8BC9CEB8-8B4A-11D0-8D11-00A0C91BC942}") = "RUN_TESTS", "RUN_TESTS.vcxproj", "{EC3B1E33-6073-3F5D-97A3-359B0416254D}"
	ProjectSection(ProjectDependencies) = postProject
		{34AEB84B-7D45-3AEC-AEA0-68D7B9401357} = {34AEB84B-7D45-3AEC-AEA0-68D7B9401357}
	EndProjectSection
EndProject
Project("{8BC9CEB8-8B4A-11D0-8D11-00A0C91BC942}") = "ZERO_CHECK", "..\\ZERO_CHECK.vcxproj", "{34AEB84B-7D45-3AEC-AEA0-68D7B9401357}"
	ProjectSection(ProjectDependencies) = postProject
	EndProjectSection
EndProject
Project("{8BC9CEB8-8B4A-11D0-8D11-00A0C91BC942}") = "glad", "glad.vcxproj", "{4C851A91-A23C-3826-AC3E-526C7F26B5AC}"
	ProjectSection(ProjectDependencies) = postProject
		{34AEB84B-7D45-3AEC-AEA0-68D7B9401357} = {34AEB84B-7D45-3AEC-AEA0-68D7B9401357}
	EndProjectSection
EndProject
Global
	GlobalSection(SolutionConfigurationPlatforms) = preSolution
		Debug|x64 = Debug|x64
		Release|x64 = Release|x64
		MinSizeRel|x64 = MinSizeRel|x64
		RelWithDebInfo|x64 = RelWithDebInfo|x64
	EndGlobalSection
	GlobalSection(ProjectConfigurationPlatforms) = postSolution
		{57FEF245-9B39-3D8D-AC0E-0545F39255EB}.Debug|x64.ActiveCfg = Debug|x64
		{57FEF245-9B39-3D8D-AC0E-0545F39255EB}.Release|x64.ActiveCfg = Release|x64
		{57FEF245-9B39-3D8D-AC0E-0545F39255EB}.MinSizeRel|x64.ActiveCfg = MinSizeRel|x64
		{57FEF245-9B39-3D8D-AC0E-0545F39255EB}.RelWithDebInfo|x64.ActiveCfg = RelWithDebInfo|x64
		{EC3B1E33-6073-3F5D-97A3-359B0416254D}.Debug|x64.ActiveCfg = Debug|x64
		{EC3B1E33-6073-3F5D-97A3-359B0416254D}.Release|x64.ActiveCfg = Release|x64
		{EC3B1E33-6073-3F5D-97A3-359B0416254D}.MinSizeRel|x64.ActiveCfg = MinSizeRel|x64
		{EC3B1E33-6073-3F5D-97A3-359B0416254D}.RelWithDebInfo|x64.ActiveCfg = RelWithDebInfo|x64
		{34AEB84B-7D45-3AEC-AEA0-68D7B9401357}.Debug|x64.ActiveCfg = Debug|x64
		{34AEB84B-7D45-3AEC-AEA0-68D7B9401357}.Debug|x64.Build.0 = Debug|x64
		{34AEB84B-7D45-3AEC-AEA0-68D7B9401357}.Release|x64.ActiveCfg = Release|x64
		{34AEB84B-7D45-3AEC-AEA0-68D7B9401357}.Release|x64.Build.0 = Release|x64
		{34AEB84B-7D45-3AEC-AEA0-68D7B9401357}.MinSizeRel|x64.ActiveCfg = MinSizeRel|x64
		{34AEB84B-7D45-3AEC-AEA0-68D7B9401357}.MinSizeRel|x64.Build.0 = MinSizeRel|x64
		{34AEB84B-7D45-3AEC-AEA0-68D7B9401357}.RelWithDebInfo|x64.ActiveCfg = RelWithDebInfo|x64
		{34AEB84B-7D45-3AEC-AEA0-68D7B9401357}.RelWithDebInfo|x64.Build.0 = RelWithDebInfo|x64
		{4C851A91-A23C-3826-AC3E-526C7F26B5AC}.Debug|x64.ActiveCfg = Debug|x64
		{4C851A91-A23C-3826-AC3E-526C7F26B5AC}.Debug|x64.Build.0 = Debug|x64
		{4C851A91-A23C-3826-AC3E-526C7F26B5AC}.Release|x64.ActiveCfg = Release|x64
		{4C851A91-A23C-3826-AC3E-526C7F26B5AC}.Release|x64.Build.0 = Release|x64
		{4C851A91-A23C-3826-AC3E-526C7F26B5AC}.MinSizeRel|x64.ActiveCfg = MinSizeRel|x64
		{4C851A91-A23C-3826-AC3E-526C7F26B5AC}.MinSizeRel|x64.Build.0 = MinSizeRel|x64
		{4C851A91-A23C-3826-AC3E-526C7F26B5AC}.RelWithDebInfo|x64.ActiveCfg = RelWithDebInfo|x64
		{4C851A91-A23C-3826-AC3E-526C7F26B5AC}.RelWithDebInfo|x64.Build.0 = RelWithDebInfo|x64
	EndGlobalSection
	GlobalSection(NestedProjects) = preSolution
		{57FEF245-9B39-3D8D-AC0E-0545F39255EB} = {4E54D0D5-FC10-374F-B8E9-5FCA56F63A9C}
		{EC3B1E33-6073-3F5D-97A3-359B0416254D} = {4E54D0D5-FC10-374F-B8E9-5FCA56F63A9C}
		{34AEB84B-7D45-3AEC-AEA0-68D7B9401357} = {4E54D0D5-FC10-374F-B8E9-5FCA56F63A9C}
	EndGlobalSection
	GlobalSection(ExtensibilityGlobals) = postSolution
		SolutionGuid = {976541A1-015E-369C-8512-D4DF77025A2A}
	EndGlobalSection
	GlobalSection(ExtensibilityAddIns) = postSolution
	EndGlobalSection
EndGlobal
