<?xml version="1.0" encoding="utf-8"?>
<Project ToolsVersion="16.0" xmlns="http://schemas.microsoft.com/developer/msbuild/2003">
  <ItemGroup>
    <CustomBuild Include="C:\Users\ym2552\Desktop\high-level-knitting\index-build\CMakeFiles\d113117fefab09dfff1a567cc7972fd5\Experimental.rule">
      <Filter>CMake Rules</Filter>
    </CustomBuild>
    <CustomBuild Include="C:\Users\ym2552\Desktop\high-level-knitting\CMakeLists.txt" />
  </ItemGroup>
  <ItemGroup>
    <None Include="C:\Users\ym2552\Desktop\high-level-knitting\index-build\CMakeFiles\Experimental" />
  </ItemGroup>
  <ItemGroup>
    <Filter Include="CMake Rules">
      <UniqueIdentifier>{24C90CE3-9E4D-3A5B-9912-58EDB6151690}</UniqueIdentifier>
    </Filter>
  </ItemGroup>
</Project>
